
Microsoft Visual Studio Solution File, Format Version 12.00
# Visual Studio Version 17
VisualStudioVersion = 17.0.31903.59
MinimumVisualStudioVersion = 10.0.40219.1
Project("{2150E333-8FDC-42A3-9474-1A3956D46DE8}") = "src", "src", "{ED858D3B-213C-4275-B061-25E25E61F09A}"
EndProject
Project("{2150E333-8FDC-42A3-9474-1A3956D46DE8}") = "0_Presentation", "0_Presentation", "{3D43ACCC-40AC-4DA7-887A-BEBC50B4951A}"
EndProject
Project("{9A19103F-16F7-4668-BE54-9A1E7A4F7556}") = "EDA.Api", "src\Presentation\API\EDA.Api.csproj", "{23E31997-A472-4200-8AAD-7AA5BC2A8724}"
EndProject
Project("{2150E333-8FDC-42A3-9474-1A3956D46DE8}") = "1_Core", "1_Core", "{72A928F9-6CFB-46B6-A60D-9FCD661D5209}"
EndProject
Project("{9A19103F-16F7-4668-BE54-9A1E7A4F7556}") = "EDA.Domain", "src\Core\Domain\EDA.Domain.csproj", "{F6B6454F-B6B2-4F95-8369-ED038A13B759}"
EndProject
Project("{9A19103F-16F7-4668-BE54-9A1E7A4F7556}") = "EDA.Application", "src\Core\Application\EDA.Application.csproj", "{67461368-6F98-4A91-BD3C-E2E2290FEB8F}"
EndProject
Project("{2150E333-8FDC-42A3-9474-1A3956D46DE8}") = "2_Infrastructure", "2_Infrastructure", "{B9ECA1FA-E457-4EA3-AE7F-FEFC24A28B63}"
EndProject
Project("{9A19103F-16F7-4668-BE54-9A1E7A4F7556}") = "EDA.Infrastructure", "src\Infrastructure\Infrastructure\EDA.Infrastructure.csproj", "{A281F6D5-AE5B-49BD-AB73-6201D6493025}"
EndProject
Project("{9A19103F-16F7-4668-BE54-9A1E7A4F7556}") = "EDA.Persistence", "src\Infrastructure\Persistence\EDA.Persistence.csproj", "{CD36609F-DAB8-4351-A8A6-E4379B945CA4}"
EndProject
Project("{2150E333-8FDC-42A3-9474-1A3956D46DE8}") = "tests", "tests", "{93BB5777-8948-4C71-9FE0-D836341449DC}"
EndProject
Project("{9A19103F-16F7-4668-BE54-9A1E7A4F7556}") = "EDA.Unit.Tests", "tests\UnitTests\EDA.Unit.Tests.csproj", "{D316D72D-919D-4B43-A8FD-931935DE8A10}"
EndProject
Project("{9A19103F-16F7-4668-BE54-9A1E7A4F7556}") = "EDA.Integration.Tests", "tests\IntegrationTests\EDA.Integration.Tests.csproj", "{F644D442-E29F-46D1-8F7E-8C5E482157CB}"
EndProject
Project("{9A19103F-16F7-4668-BE54-9A1E7A4F7556}") = "EDA.Functional.Tests", "tests\FunctionalTests\EDA.Functional.Tests.csproj", "{0B3C2C7C-D223-4FE0-AA2F-86A2DAC1988C}"
EndProject
Project("{E53339B2-1760-4266-BCC7-CA923CBCF16C}") = "docker-compose", "docker-compose.dcproj", "{9BD0216F-5E5E-46B7-91F1-77E45CCCC83C}"
EndProject
Global
	GlobalSection(SolutionConfigurationPlatforms) = preSolution
		Debug|Any CPU = Debug|Any CPU
		Release|Any CPU = Release|Any CPU
	EndGlobalSection
	GlobalSection(ProjectConfigurationPlatforms) = postSolution
		{23E31997-A472-4200-8AAD-7AA5BC2A8724}.Debug|Any CPU.ActiveCfg = Debug|Any CPU
		{23E31997-A472-4200-8AAD-7AA5BC2A8724}.Debug|Any CPU.Build.0 = Debug|Any CPU
		{23E31997-A472-4200-8AAD-7AA5BC2A8724}.Release|Any CPU.ActiveCfg = Release|Any CPU
		{23E31997-A472-4200-8AAD-7AA5BC2A8724}.Release|Any CPU.Build.0 = Release|Any CPU
		{F6B6454F-B6B2-4F95-8369-ED038A13B759}.Debug|Any CPU.ActiveCfg = Debug|Any CPU
		{F6B6454F-B6B2-4F95-8369-ED038A13B759}.Debug|Any CPU.Build.0 = Debug|Any CPU
		{F6B6454F-B6B2-4F95-8369-ED038A13B759}.Release|Any CPU.ActiveCfg = Release|Any CPU
		{F6B6454F-B6B2-4F95-8369-ED038A13B759}.Release|Any CPU.Build.0 = Release|Any CPU
		{67461368-6F98-4A91-BD3C-E2E2290FEB8F}.Debug|Any CPU.ActiveCfg = Debug|Any CPU
		{67461368-6F98-4A91-BD3C-E2E2290FEB8F}.Debug|Any CPU.Build.0 = Debug|Any CPU
		{67461368-6F98-4A91-BD3C-E2E2290FEB8F}.Release|Any CPU.ActiveCfg = Release|Any CPU
		{67461368-6F98-4A91-BD3C-E2E2290FEB8F}.Release|Any CPU.Build.0 = Release|Any CPU
		{A281F6D5-AE5B-49BD-AB73-6201D6493025}.Debug|Any CPU.ActiveCfg = Debug|Any CPU
		{A281F6D5-AE5B-49BD-AB73-6201D6493025}.Debug|Any CPU.Build.0 = Debug|Any CPU
		{A281F6D5-AE5B-49BD-AB73-6201D6493025}.Release|Any CPU.ActiveCfg = Release|Any CPU
		{A281F6D5-AE5B-49BD-AB73-6201D6493025}.Release|Any CPU.Build.0 = Release|Any CPU
		{CD36609F-DAB8-4351-A8A6-E4379B945CA4}.Debug|Any CPU.ActiveCfg = Debug|Any CPU
		{CD36609F-DAB8-4351-A8A6-E4379B945CA4}.Debug|Any CPU.Build.0 = Debug|Any CPU
		{CD36609F-DAB8-4351-A8A6-E4379B945CA4}.Release|Any CPU.ActiveCfg = Release|Any CPU
		{CD36609F-DAB8-4351-A8A6-E4379B945CA4}.Release|Any CPU.Build.0 = Release|Any CPU
		{D316D72D-919D-4B43-A8FD-931935DE8A10}.Debug|Any CPU.ActiveCfg = Debug|Any CPU
		{D316D72D-919D-4B43-A8FD-931935DE8A10}.Debug|Any CPU.Build.0 = Debug|Any CPU
		{D316D72D-919D-4B43-A8FD-931935DE8A10}.Release|Any CPU.ActiveCfg = Release|Any CPU
		{D316D72D-919D-4B43-A8FD-931935DE8A10}.Release|Any CPU.Build.0 = Release|Any CPU
		{F644D442-E29F-46D1-8F7E-8C5E482157CB}.Debug|Any CPU.ActiveCfg = Debug|Any CPU
		{F644D442-E29F-46D1-8F7E-8C5E482157CB}.Debug|Any CPU.Build.0 = Debug|Any CPU
		{F644D442-E29F-46D1-8F7E-8C5E482157CB}.Release|Any CPU.ActiveCfg = Release|Any CPU
		{F644D442-E29F-46D1-8F7E-8C5E482157CB}.Release|Any CPU.Build.0 = Release|Any CPU
		{0B3C2C7C-D223-4FE0-AA2F-86A2DAC1988C}.Debug|Any CPU.ActiveCfg = Debug|Any CPU
		{0B3C2C7C-D223-4FE0-AA2F-86A2DAC1988C}.Debug|Any CPU.Build.0 = Debug|Any CPU
		{0B3C2C7C-D223-4FE0-AA2F-86A2DAC1988C}.Release|Any CPU.ActiveCfg = Release|Any CPU
		{0B3C2C7C-D223-4FE0-AA2F-86A2DAC1988C}.Release|Any CPU.Build.0 = Release|Any CPU
		{9BD0216F-5E5E-46B7-91F1-77E45CCCC83C}.Debug|Any CPU.ActiveCfg = Debug|Any CPU
		{9BD0216F-5E5E-46B7-91F1-77E45CCCC83C}.Debug|Any CPU.Build.0 = Debug|Any CPU
		{9BD0216F-5E5E-46B7-91F1-77E45CCCC83C}.Release|Any CPU.ActiveCfg = Release|Any CPU
		{9BD0216F-5E5E-46B7-91F1-77E45CCCC83C}.Release|Any CPU.Build.0 = Release|Any CPU
	EndGlobalSection
	GlobalSection(SolutionProperties) = preSolution
		HideSolutionNode = FALSE
	EndGlobalSection
	GlobalSection(NestedProjects) = preSolution
		{3D43ACCC-40AC-4DA7-887A-BEBC50B4951A} = {ED858D3B-213C-4275-B061-25E25E61F09A}
		{23E31997-A472-4200-8AAD-7AA5BC2A8724} = {3D43ACCC-40AC-4DA7-887A-BEBC50B4951A}
		{72A928F9-6CFB-46B6-A60D-9FCD661D5209} = {ED858D3B-213C-4275-B061-25E25E61F09A}
		{F6B6454F-B6B2-4F95-8369-ED038A13B759} = {72A928F9-6CFB-46B6-A60D-9FCD661D5209}
		{67461368-6F98-4A91-BD3C-E2E2290FEB8F} = {72A928F9-6CFB-46B6-A60D-9FCD661D5209}
		{B9ECA1FA-E457-4EA3-AE7F-FEFC24A28B63} = {ED858D3B-213C-4275-B061-25E25E61F09A}
		{A281F6D5-AE5B-49BD-AB73-6201D6493025} = {B9ECA1FA-E457-4EA3-AE7F-FEFC24A28B63}
		{CD36609F-DAB8-4351-A8A6-E4379B945CA4} = {B9ECA1FA-E457-4EA3-AE7F-FEFC24A28B63}
		{D316D72D-919D-4B43-A8FD-931935DE8A10} = {93BB5777-8948-4C71-9FE0-D836341449DC}
		{F644D442-E29F-46D1-8F7E-8C5E482157CB} = {93BB5777-8948-4C71-9FE0-D836341449DC}
		{0B3C2C7C-D223-4FE0-AA2F-86A2DAC1988C} = {93BB5777-8948-4C71-9FE0-D836341449DC}
	EndGlobalSection
EndGlobal
